
Microsoft Visual Studio Solution File, Format Version 12.00
# Visual Studio Version 16
VisualStudioVersion = 16.0.29911.84
MinimumVisualStudioVersion = 10.0.40219.1
Project("{F184B08F-C81C-45F6-A57F-5ABD9991F28F}") = "실습2-10", "실습2-10.vbproj", "{5345EFEE-69CB-4C80-A2A0-94EB76C0B7E8}"
EndProject
Global
	GlobalSection(SolutionConfigurationPlatforms) = preSolution
		Debug|Any CPU = Debug|Any CPU
		Release|Any CPU = Release|Any CPU
	EndGlobalSection
	GlobalSection(ProjectConfigurationPlatforms) = postSolution
		{5345EFEE-69CB-4C80-A2A0-94EB76C0B7E8}.Debug|Any CPU.ActiveCfg = Debug|Any CPU
		{5345EFEE-69CB-4C80-A2A0-94EB76C0B7E8}.Debug|Any CPU.Build.0 = Debug|Any CPU
		{5345EFEE-69CB-4C80-A2A0-94EB76C0B7E8}.Release|Any CPU.ActiveCfg = Release|Any CPU
		{5345EFEE-69CB-4C80-A2A0-94EB76C0B7E8}.Release|Any CPU.Build.0 = Release|Any CPU
	EndGlobalSection
	GlobalSection(SolutionProperties) = preSolution
		HideSolutionNode = FALSE
	EndGlobalSection
	GlobalSection(ExtensibilityGlobals) = postSolution
		SolutionGuid = {0273BC09-F302-4618-9852-E142F40FEA7F}
	EndGlobalSection
EndGlobal
