
Microsoft Visual Studio Solution File, Format Version 12.00
# Visual Studio Version 16
VisualStudioVersion = 16.0.29911.84
MinimumVisualStudioVersion = 10.0.40219.1
Project("{F184B08F-C81C-45F6-A57F-5ABD9991F28F}") = "실습3-6", "실습3-6.vbproj", "{0AAD7C5B-C299-46FB-9A74-7C5153A2438D}"
EndProject
Global
	GlobalSection(SolutionConfigurationPlatforms) = preSolution
		Debug|Any CPU = Debug|Any CPU
		Release|Any CPU = Release|Any CPU
	EndGlobalSection
	GlobalSection(ProjectConfigurationPlatforms) = postSolution
		{0AAD7C5B-C299-46FB-9A74-7C5153A2438D}.Debug|Any CPU.ActiveCfg = Debug|Any CPU
		{0AAD7C5B-C299-46FB-9A74-7C5153A2438D}.Debug|Any CPU.Build.0 = Debug|Any CPU
		{0AAD7C5B-C299-46FB-9A74-7C5153A2438D}.Release|Any CPU.ActiveCfg = Release|Any CPU
		{0AAD7C5B-C299-46FB-9A74-7C5153A2438D}.Release|Any CPU.Build.0 = Release|Any CPU
	EndGlobalSection
	GlobalSection(SolutionProperties) = preSolution
		HideSolutionNode = FALSE
	EndGlobalSection
	GlobalSection(ExtensibilityGlobals) = postSolution
		SolutionGuid = {859C3B01-6AC0-4AD7-80D6-6C6C7247E761}
	EndGlobalSection
EndGlobal
